Microsoft Visual Studio Solution File, Format Version 12.00
# Visual Studio Version 17
VisualStudioVersion = 17.5.2.0
MinimumVisualStudioVersion = 10.0.40219.1
Project("{2150E333-8FDC-42A3-9474-1A3956D46DE8}") = "azure-ai-agents-openapi-tool", "azure-ai-agents-openapi-tool", "{8EB872AB-78EB-56FF-A921-ABF2A8D90B77}"
EndProject
Project("{FAE04EC0-301F-11D3-BF4B-00C04F79EFBC}") = "webapi", "azure-ai-agents-openapi-tool\webapi\webapi.csproj", "{98CB948B-91FB-F273-5BC9-615C6A6BDA8C}"
EndProject
Global
	GlobalSection(SolutionConfigurationPlatforms) = preSolution
		Debug|Any CPU = Debug|Any CPU
		Release|Any CPU = Release|Any CPU
	EndGlobalSection
	GlobalSection(ProjectConfigurationPlatforms) = postSolution
		{98CB948B-91FB-F273-5BC9-615C6A6BDA8C}.Debug|Any CPU.ActiveCfg = Debug|Any CPU
		{98CB948B-91FB-F273-5BC9-615C6A6BDA8C}.Debug|Any CPU.Build.0 = Debug|Any CPU
		{98CB948B-91FB-F273-5BC9-615C6A6BDA8C}.Release|Any CPU.ActiveCfg = Release|Any CPU
		{98CB948B-91FB-F273-5BC9-615C6A6BDA8C}.Release|Any CPU.Build.0 = Release|Any CPU
	EndGlobalSection
	GlobalSection(SolutionProperties) = preSolution
		HideSolutionNode = FALSE
	EndGlobalSection
	GlobalSection(NestedProjects) = preSolution
		{98CB948B-91FB-F273-5BC9-615C6A6BDA8C} = {8EB872AB-78EB-56FF-A921-ABF2A8D90B77}
	EndGlobalSection
	GlobalSection(ExtensibilityGlobals) = postSolution
		SolutionGuid = {AEC32BF0-C4D6-4E6C-A581-AC1E0F00D697}
	EndGlobalSection
EndGlobal
